
Microsoft Visual Studio Solution File, Format Version 12.00
# Visual Studio Version 16
VisualStudioVersion = 16.0.31727.386
MinimumVisualStudioVersion = 10.0.40219.1
Project("{FAE04EC0-301F-11D3-BF4B-00C04F79EFBC}") = "ExeDictionary", "ExeDictionary\ExeDictionary.csproj", "{255B1EC9-0CCC-488F-AA89-A42EF3249D18}"
EndProject
Global
	GlobalSection(SolutionConfigurationPlatforms) = preSolution
		Debug|Any CPU = Debug|Any CPU
		Release|Any CPU = Release|Any CPU
	EndGlobalSection
	GlobalSection(ProjectConfigurationPlatforms) = postSolution
		{255B1EC9-0CCC-488F-AA89-A42EF3249D18}.Debug|Any CPU.ActiveCfg = Debug|Any CPU
		{255B1EC9-0CCC-488F-AA89-A42EF3249D18}.Debug|Any CPU.Build.0 = Debug|Any CPU
		{255B1EC9-0CCC-488F-AA89-A42EF3249D18}.Release|Any CPU.ActiveCfg = Release|Any CPU
		{255B1EC9-0CCC-488F-AA89-A42EF3249D18}.Release|Any CPU.Build.0 = Release|Any CPU
	EndGlobalSection
	GlobalSection(SolutionProperties) = preSolution
		HideSolutionNode = FALSE
	EndGlobalSection
	GlobalSection(ExtensibilityGlobals) = postSolution
		SolutionGuid = {E3B72A48-D4BC-4CDF-873E-3EE4558BE7FA}
	EndGlobalSection
EndGlobal
